
Microsoft Visual Studio Solution File, Format Version 12.00
Project("{FAE04EC0-301F-11D3-BF4B-00C04F79EFBC}") = "DungeonCrawler_Quests_Service", "DungeonCrawler_Quests_Service\DungeonCrawler_Quests_Service.csproj", "{54F0038B-C907-497E-9188-5FF478AAC7F7}"
EndProject
Project("{2150E333-8FDC-42A3-9474-1A3956D46DE8}") = "Application", "Application", "{DDB05BED-8D2A-4CBD-9AA8-C384336CD235}"
EndProject
Project("{FAE04EC0-301F-11D3-BF4B-00C04F79EFBC}") = "DungeonCrawler_Quests_Service.Application", "DungeonCrawler_Quests_Service.Application\DungeonCrawler_Quests_Service.Application.csproj", "{8ADA5DF0-D739-4EA5-967B-6C16316D85A7}"
EndProject
Project("{2150E333-8FDC-42A3-9474-1A3956D46DE8}") = "Infrastructure", "Infrastructure", "{C23A6685-9026-4F3C-866F-E6FAB2884AEE}"
EndProject
Project("{FAE04EC0-301F-11D3-BF4B-00C04F79EFBC}") = "DungeonCrawler_Quests_Service.Infrastructure", "DungeonCrawler_Quests_Service.Infrastructure\DungeonCrawler_Quests_Service.Infrastructure.csproj", "{B1B03A0E-EF6D-47AA-9D52-2F10193E6498}"
EndProject
Project("{2150E333-8FDC-42A3-9474-1A3956D46DE8}") = "Domain", "Domain", "{812BD7AC-44F2-4EE4-BB61-80F25BD01179}"
EndProject
Project("{FAE04EC0-301F-11D3-BF4B-00C04F79EFBC}") = "DungeonCrawler_Quests_Service.Domain", "DungeonCrawler_Quests_Service.Domain\DungeonCrawler_Quests_Service.Domain.csproj", "{B7253E7C-AAC1-46A8-92D9-0C642686CD8C}"
EndProject
Project("{FAE04EC0-301F-11D3-BF4B-00C04F79EFBC}") = "DungeonCrawler_Quests_Service.Application.Testing", "DungeonCrawler_Quests_Service.Application.Testing\DungeonCrawler_Quests_Service.Application.Testing.csproj", "{20BFF676-61E0-460D-AB5C-E7151CD853BA}"
EndProject
Project("{FAE04EC0-301F-11D3-BF4B-00C04F79EFBC}") = "DungeonCrawler_Quests_Service.Application.IntegrationTests", "DungeonCrawler_Quests_Service.Application.IntegrationTests\DungeonCrawler_Quests_Service.Application.IntegrationTests.csproj", "{70D63204-E5EB-4D1B-A14E-A11270ACA9A9}"
EndProject
Global
	GlobalSection(SolutionConfigurationPlatforms) = preSolution
		Debug|Any CPU = Debug|Any CPU
		Release|Any CPU = Release|Any CPU
	EndGlobalSection
	GlobalSection(ProjectConfigurationPlatforms) = postSolution
		{54F0038B-C907-497E-9188-5FF478AAC7F7}.Debug|Any CPU.ActiveCfg = Debug|Any CPU
		{54F0038B-C907-497E-9188-5FF478AAC7F7}.Debug|Any CPU.Build.0 = Debug|Any CPU
		{54F0038B-C907-497E-9188-5FF478AAC7F7}.Release|Any CPU.ActiveCfg = Release|Any CPU
		{54F0038B-C907-497E-9188-5FF478AAC7F7}.Release|Any CPU.Build.0 = Release|Any CPU
		{8ADA5DF0-D739-4EA5-967B-6C16316D85A7}.Debug|Any CPU.ActiveCfg = Debug|Any CPU
		{8ADA5DF0-D739-4EA5-967B-6C16316D85A7}.Debug|Any CPU.Build.0 = Debug|Any CPU
		{8ADA5DF0-D739-4EA5-967B-6C16316D85A7}.Release|Any CPU.ActiveCfg = Release|Any CPU
		{8ADA5DF0-D739-4EA5-967B-6C16316D85A7}.Release|Any CPU.Build.0 = Release|Any CPU
		{B1B03A0E-EF6D-47AA-9D52-2F10193E6498}.Debug|Any CPU.ActiveCfg = Debug|Any CPU
		{B1B03A0E-EF6D-47AA-9D52-2F10193E6498}.Debug|Any CPU.Build.0 = Debug|Any CPU
		{B1B03A0E-EF6D-47AA-9D52-2F10193E6498}.Release|Any CPU.ActiveCfg = Release|Any CPU
		{B1B03A0E-EF6D-47AA-9D52-2F10193E6498}.Release|Any CPU.Build.0 = Release|Any CPU
		{B7253E7C-AAC1-46A8-92D9-0C642686CD8C}.Debug|Any CPU.ActiveCfg = Debug|Any CPU
		{B7253E7C-AAC1-46A8-92D9-0C642686CD8C}.Debug|Any CPU.Build.0 = Debug|Any CPU
		{B7253E7C-AAC1-46A8-92D9-0C642686CD8C}.Release|Any CPU.ActiveCfg = Release|Any CPU
		{B7253E7C-AAC1-46A8-92D9-0C642686CD8C}.Release|Any CPU.Build.0 = Release|Any CPU
		{20BFF676-61E0-460D-AB5C-E7151CD853BA}.Debug|Any CPU.ActiveCfg = Debug|Any CPU
		{20BFF676-61E0-460D-AB5C-E7151CD853BA}.Debug|Any CPU.Build.0 = Debug|Any CPU
		{20BFF676-61E0-460D-AB5C-E7151CD853BA}.Release|Any CPU.ActiveCfg = Release|Any CPU
		{20BFF676-61E0-460D-AB5C-E7151CD853BA}.Release|Any CPU.Build.0 = Release|Any CPU
		{70D63204-E5EB-4D1B-A14E-A11270ACA9A9}.Debug|Any CPU.ActiveCfg = Debug|Any CPU
		{70D63204-E5EB-4D1B-A14E-A11270ACA9A9}.Debug|Any CPU.Build.0 = Debug|Any CPU
		{70D63204-E5EB-4D1B-A14E-A11270ACA9A9}.Release|Any CPU.ActiveCfg = Release|Any CPU
		{70D63204-E5EB-4D1B-A14E-A11270ACA9A9}.Release|Any CPU.Build.0 = Release|Any CPU
	EndGlobalSection
	GlobalSection(NestedProjects) = preSolution
		{8ADA5DF0-D739-4EA5-967B-6C16316D85A7} = {DDB05BED-8D2A-4CBD-9AA8-C384336CD235}
		{B1B03A0E-EF6D-47AA-9D52-2F10193E6498} = {C23A6685-9026-4F3C-866F-E6FAB2884AEE}
		{B7253E7C-AAC1-46A8-92D9-0C642686CD8C} = {812BD7AC-44F2-4EE4-BB61-80F25BD01179}
		{20BFF676-61E0-460D-AB5C-E7151CD853BA} = {DDB05BED-8D2A-4CBD-9AA8-C384336CD235}
		{70D63204-E5EB-4D1B-A14E-A11270ACA9A9} = {DDB05BED-8D2A-4CBD-9AA8-C384336CD235}
	EndGlobalSection
EndGlobal
